<?xml version="1.0" encoding="utf-8"?>
<Project ToolsVersion="4.0" xmlns="http://schemas.microsoft.com/developer/msbuild/2003">
  <ItemGroup>
    <ClCompile Include="Common\DDSTextureLoader.cpp" />
    <ClCompile Include="Common\Waves.cpp" />
    <ClCompile Include="Common\d3dApp.cpp" />
    <ClCompile Include="Common\dxerr.cpp" />
    <ClCompile Include="Common\GameTimer.cpp" />
    <ClCompile Include="Common\GeometryGenerator.cpp" />
    <ClCompile Include="Common\MathHelper.cpp" />
    <ClCompile Include="Common\Camera.cpp" />
    <ClCompile Include="Chapter11_ComputeShader\Blur.cpp" />
    <ClCompile Include="Chapter11_ComputeShader\BlurFilter.cpp" />
    <ClCompile Include="Chapter11_ComputeShader\Effects.cpp" />
    <ClCompile Include="Chapter11_ComputeShader\RenderStates.cpp" />
    <ClCompile Include="Chapter11_ComputeShader\Vertex.cpp" />
  </ItemGroup>
  <ItemGroup>
    <ClInclude Include="Common\DDSTextureLoader.h" />
    <ClInclude Include="Common\LightHelper.h" />
    <ClInclude Include="Common\Waves.h" />
    <ClInclude Include="Common\d3dApp.h" />
    <ClInclude Include="Common\d3dUtil.h" />
    <ClInclude Include="Common\d3dx11effect.h" />
    <ClInclude Include="Common\dxerr.h" />
    <ClInclude Include="Common\GameTimer.h" />
    <ClInclude Include="Common\GeometryGenerator.h" />
    <ClInclude Include="Common\MathHelper.h" />
    <ClInclude Include="Common\Camera.h" />
    <ClInclude Include="Chapter11_ComputeShader\BlurFilter.h" />
    <ClInclude Include="Chapter11_ComputeShader\Effects.h" />
    <ClInclude Include="Chapter11_ComputeShader\RenderStates.h" />
    <ClInclude Include="Chapter11_ComputeShader\Vertex.h" />
  </ItemGroup>
  <ItemGroup>
    <CustomBuild Include="FX\color.fx" />
    <CustomBuild Include="FX\Lighting.fx" />
    <CustomBuild Include="FX\Basic.fx" />
    <CustomBuild Include="FX\TreeSprite.fx" />
    <CustomBuild Include="FX\VecAdd.fx" />
    <CustomBuild Include="FX\Blur.fx" />
  </ItemGroup>
</Project>